# THIS IS AN AUTOGENERATED FILE. DO NOT EDIT THIS FILE DIRECTLY.
# yarn lockfile v1


stera@^1.0.0:
  version "1.0.0"
  resolved "https://registry.yarnpkg.com/stera/-/stera-1.0.0.tgz#2281fab61fc97066dfedeff89ee1da079301fcce"
  integrity sha512-yDdYnpBoWt1rsIsKgxnzuM3MPb1Xijzj6mJXVwyc8cI5ca+82Nm6HGo96/u5fX1yZM4k0lnIE1vr/7Vsqf1V7Q==
